
Microsoft Visual Studio Solution File, Format Version 12.00
# Visual Studio Version 18
VisualStudioVersion = 18.9.12112.369
MinimumVisualStudioVersion = 10.0.40219.1
Project("{2150E333-8FDC-42A3-9474-1A3956D46DE8}") = "src", "src", "{827E0CD3-B72D-47B6-A68D-7590B98EB39B}"
EndProject
Project("{FAE04EC0-301F-11D3-BF4B-00C04F79EFBC}") = "WebApi.ShowCase.Domain", "src\Domain\WebApi.ShowCase.Domain.csproj", "{BFB9ADC7-6C3D-424F-A5B4-97F233A02C8F}"
EndProject
Project("{FAE04EC0-301F-11D3-BF4B-00C04F79EFBC}") = "WebApi.ShowCase.Application", "src\Application\WebApi.ShowCase.Application.csproj", "{2BF8FCBF-16C7-4CC0-8D30-15B52C4640D6}"
EndProject
Project("{FAE04EC0-301F-11D3-BF4B-00C04F79EFBC}") = "WebApi.ShowCase.Infrastructure", "src\Infrastructure\WebApi.ShowCase.Infrastructure.csproj", "{3C58D879-3C34-4072-B45C-E4C0D0F7D85F}"
EndProject
Project("{FAE04EC0-301F-11D3-BF4B-00C04F79EFBC}") = "WebApi.ShowCase.Api", "src\Api\WebApi.ShowCase.Api.csproj", "{B4B555F4-DE5E-4425-948F-906E918F6094}"
EndProject
Project("{2150E333-8FDC-42A3-9474-1A3956D46DE8}") = "tests", "tests", "{0AB3BF05-4346-4AA6-1389-037BE0695223}"
EndProject
Project("{FAE04EC0-301F-11D3-BF4B-00C04F79EFBC}") = "WebApi.ShowCase.Tests", "tests\Domain.Tests\WebApi.ShowCase.Tests.csproj", "{04530AFA-4338-44E3-9A5B-D788E69E039C}"
EndProject
Project("{2150E333-8FDC-42A3-9474-1A3956D46DE8}") = "Api", "Api", "{1B86DB34-F281-4B04-A264-9D91323426BC}"
EndProject
Project("{2150E333-8FDC-42A3-9474-1A3956D46DE8}") = "Application", "Application", "{2910D7FE-4BA2-472E-83C1-1AC868FE9428}"
EndProject
Project("{2150E333-8FDC-42A3-9474-1A3956D46DE8}") = "Domain", "Domain", "{78918C99-6FE6-47F6-B81E-8B3CC3A472D5}"
EndProject
Project("{2150E333-8FDC-42A3-9474-1A3956D46DE8}") = "Infrastructure", "Infrastructure", "{1A027FCD-0D8A-4B21-A0EB-3766B98A99E8}"
EndProject
Global
	GlobalSection(SolutionConfigurationPlatforms) = preSolution
		Debug|Any CPU = Debug|Any CPU
		Debug|x64 = Debug|x64
		Debug|x86 = Debug|x86
		Release|Any CPU = Release|Any CPU
		Release|x64 = Release|x64
		Release|x86 = Release|x86
	EndGlobalSection
	GlobalSection(ProjectConfigurationPlatforms) = postSolution
		{BFB9ADC7-6C3D-424F-A5B4-97F233A02C8F}.Debug|Any CPU.ActiveCfg = Debug|Any CPU
		{BFB9ADC7-6C3D-424F-A5B4-97F233A02C8F}.Debug|Any CPU.Build.0 = Debug|Any CPU
		{BFB9ADC7-6C3D-424F-A5B4-97F233A02C8F}.Debug|x64.ActiveCfg = Debug|Any CPU
		{BFB9ADC7-6C3D-424F-A5B4-97F233A02C8F}.Debug|x64.Build.0 = Debug|Any CPU
		{BFB9ADC7-6C3D-424F-A5B4-97F233A02C8F}.Debug|x86.ActiveCfg = Debug|Any CPU
		{BFB9ADC7-6C3D-424F-A5B4-97F233A02C8F}.Debug|x86.Build.0 = Debug|Any CPU
		{BFB9ADC7-6C3D-424F-A5B4-97F233A02C8F}.Release|Any CPU.ActiveCfg = Release|Any CPU
		{BFB9ADC7-6C3D-424F-A5B4-97F233A02C8F}.Release|Any CPU.Build.0 = Release|Any CPU
		{BFB9ADC7-6C3D-424F-A5B4-97F233A02C8F}.Release|x64.ActiveCfg = Release|Any CPU
		{BFB9ADC7-6C3D-424F-A5B4-97F233A02C8F}.Release|x64.Build.0 = Release|Any CPU
		{BFB9ADC7-6C3D-424F-A5B4-97F233A02C8F}.Release|x86.ActiveCfg = Release|Any CPU
		{BFB9ADC7-6C3D-424F-A5B4-97F233A02C8F}.Release|x86.Build.0 = Release|Any CPU
		{2BF8FCBF-16C7-4CC0-8D30-15B52C4640D6}.Debug|Any CPU.ActiveCfg = Debug|Any CPU
		{2BF8FCBF-16C7-4CC0-8D30-15B52C4640D6}.Debug|Any CPU.Build.0 = Debug|Any CPU
		{2BF8FCBF-16C7-4CC0-8D30-15B52C4640D6}.Debug|x64.ActiveCfg = Debug|Any CPU
		{2BF8FCBF-16C7-4CC0-8D30-15B52C4640D6}.Debug|x64.Build.0 = Debug|Any CPU
		{2BF8FCBF-16C7-4CC0-8D30-15B52C4640D6}.Debug|x86.ActiveCfg = Debug|Any CPU
		{2BF8FCBF-16C7-4CC0-8D30-15B52C4640D6}.Debug|x86.Build.0 = Debug|Any CPU
		{2BF8FCBF-16C7-4CC0-8D30-15B52C4640D6}.Release|Any CPU.ActiveCfg = Release|Any CPU
		{2BF8FCBF-16C7-4CC0-8D30-15B52C4640D6}.Release|Any CPU.Build.0 = Release|Any CPU
		{2BF8FCBF-16C7-4CC0-8D30-15B52C4640D6}.Release|x64.ActiveCfg = Release|Any CPU
		{2BF8FCBF-16C7-4CC0-8D30-15B52C4640D6}.Release|x64.Build.0 = Release|Any CPU
		{2BF8FCBF-16C7-4CC0-8D30-15B52C4640D6}.Release|x86.ActiveCfg = Release|Any CPU
		{2BF8FCBF-16C7-4CC0-8D30-15B52C4640D6}.Release|x86.Build.0 = Release|Any CPU
		{3C58D879-3C34-4072-B45C-E4C0D0F7D85F}.Debug|Any CPU.ActiveCfg = Debug|Any CPU
		{3C58D879-3C34-4072-B45C-E4C0D0F7D85F}.Debug|Any CPU.Build.0 = Debug|Any CPU
		{3C58D879-3C34-4072-B45C-E4C0D0F7D85F}.Debug|x64.ActiveCfg = Debug|Any CPU
		{3C58D879-3C34-4072-B45C-E4C0D0F7D85F}.Debug|x64.Build.0 = Debug|Any CPU
		{3C58D879-3C34-4072-B45C-E4C0D0F7D85F}.Debug|x86.ActiveCfg = Debug|Any CPU
		{3C58D879-3C34-4072-B45C-E4C0D0F7D85F}.Debug|x86.Build.0 = Debug|Any CPU
		{3C58D879-3C34-4072-B45C-E4C0D0F7D85F}.Release|Any CPU.ActiveCfg = Release|Any CPU
		{3C58D879-3C34-4072-B45C-E4C0D0F7D85F}.Release|Any CPU.Build.0 = Release|Any CPU
		{3C58D879-3C34-4072-B45C-E4C0D0F7D85F}.Release|x64.ActiveCfg = Release|Any CPU
		{3C58D879-3C34-4072-B45C-E4C0D0F7D85F}.Release|x64.Build.0 = Release|Any CPU
		{3C58D879-3C34-4072-B45C-E4C0D0F7D85F}.Release|x86.ActiveCfg = Release|Any CPU
		{3C58D879-3C34-4072-B45C-E4C0D0F7D85F}.Release|x86.Build.0 = Release|Any CPU
		{B4B555F4-DE5E-4425-948F-906E918F6094}.Debug|Any CPU.ActiveCfg = Debug|Any CPU
		{B4B555F4-DE5E-4425-948F-906E918F6094}.Debug|Any CPU.Build.0 = Debug|Any CPU
		{B4B555F4-DE5E-4425-948F-906E918F6094}.Debug|x64.ActiveCfg = Debug|Any CPU
		{B4B555F4-DE5E-4425-948F-906E918F6094}.Debug|x64.Build.0 = Debug|Any CPU
		{B4B555F4-DE5E-4425-948F-906E918F6094}.Debug|x86.ActiveCfg = Debug|Any CPU
		{B4B555F4-DE5E-4425-948F-906E918F6094}.Debug|x86.Build.0 = Debug|Any CPU
		{B4B555F4-DE5E-4425-948F-906E918F6094}.Release|Any CPU.ActiveCfg = Release|Any CPU
		{B4B555F4-DE5E-4425-948F-906E918F6094}.Release|Any CPU.Build.0 = Release|Any CPU
		{B4B555F4-DE5E-4425-948F-906E918F6094}.Release|x64.ActiveCfg = Release|Any CPU
		{B4B555F4-DE5E-4425-948F-906E918F6094}.Release|x64.Build.0 = Release|Any CPU
		{B4B555F4-DE5E-4425-948F-906E918F6094}.Release|x86.ActiveCfg = Release|Any CPU
		{B4B555F4-DE5E-4425-948F-906E918F6094}.Release|x86.Build.0 = Release|Any CPU
		{04530AFA-4338-44E3-9A5B-D788E69E039C}.Debug|Any CPU.ActiveCfg = Debug|Any CPU
		{04530AFA-4338-44E3-9A5B-D788E69E039C}.Debug|Any CPU.Build.0 = Debug|Any CPU
		{04530AFA-4338-44E3-9A5B-D788E69E039C}.Debug|x64.ActiveCfg = Debug|Any CPU
		{04530AFA-4338-44E3-9A5B-D788E69E039C}.Debug|x64.Build.0 = Debug|Any CPU
		{04530AFA-4338-44E3-9A5B-D788E69E039C}.Debug|x86.ActiveCfg = Debug|Any CPU
		{04530AFA-4338-44E3-9A5B-D788E69E039C}.Debug|x86.Build.0 = Debug|Any CPU
		{04530AFA-4338-44E3-9A5B-D788E69E039C}.Release|Any CPU.ActiveCfg = Release|Any CPU
		{04530AFA-4338-44E3-9A5B-D788E69E039C}.Release|Any CPU.Build.0 = Release|Any CPU
		{04530AFA-4338-44E3-9A5B-D788E69E039C}.Release|x64.ActiveCfg = Release|Any CPU
		{04530AFA-4338-44E3-9A5B-D788E69E039C}.Release|x64.Build.0 = Release|Any CPU
		{04530AFA-4338-44E3-9A5B-D788E69E039C}.Release|x86.ActiveCfg = Release|Any CPU
		{04530AFA-4338-44E3-9A5B-D788E69E039C}.Release|x86.Build.0 = Release|Any CPU
	EndGlobalSection
	GlobalSection(SolutionProperties) = preSolution
		HideSolutionNode = FALSE
	EndGlobalSection
	GlobalSection(NestedProjects) = preSolution
		{BFB9ADC7-6C3D-424F-A5B4-97F233A02C8F} = {78918C99-6FE6-47F6-B81E-8B3CC3A472D5}
		{2BF8FCBF-16C7-4CC0-8D30-15B52C4640D6} = {2910D7FE-4BA2-472E-83C1-1AC868FE9428}
		{3C58D879-3C34-4072-B45C-E4C0D0F7D85F} = {1A027FCD-0D8A-4B21-A0EB-3766B98A99E8}
		{B4B555F4-DE5E-4425-948F-906E918F6094} = {1B86DB34-F281-4B04-A264-9D91323426BC}
		{04530AFA-4338-44E3-9A5B-D788E69E039C} = {0AB3BF05-4346-4AA6-1389-037BE0695223}
		{1B86DB34-F281-4B04-A264-9D91323426BC} = {827E0CD3-B72D-47B6-A68D-7590B98EB39B}
		{2910D7FE-4BA2-472E-83C1-1AC868FE9428} = {827E0CD3-B72D-47B6-A68D-7590B98EB39B}
		{78918C99-6FE6-47F6-B81E-8B3CC3A472D5} = {827E0CD3-B72D-47B6-A68D-7590B98EB39B}
		{1A027FCD-0D8A-4B21-A0EB-3766B98A99E8} = {827E0CD3-B72D-47B6-A68D-7590B98EB39B}
	EndGlobalSection
	GlobalSection(ExtensibilityGlobals) = postSolution
		SolutionGuid = {38A1C6EA-6B82-497C-9985-2B63A6D01478}
	EndGlobalSection
EndGlobal
